# This file is automatically @generated by Cargo.
# It is not intended for manual editing.
version = 3

[[package]]
name = "cancellation"
version = "0.1.0"
source = "registry+https://github.com/rust-lang/crates.io-index"
checksum = "f7a879c84c21f354f13535f87ad119ac3be22ebb9097b552a0af6a78f86628c4"

[[package]]
name = "skyhook"
version = "0.1.0"
dependencies = [
 "cancellation",
 "winsafe",
]

[[package]]
name = "skyhook-test"
version = "0.1.0"
dependencies = [
 "skyhook",
]

[[package]]
name = "winsafe"
version = "0.0.5"
source = "registry+https://github.com/rust-lang/crates.io-index"
checksum = "1fd38859e955532136a544e7e6a6a1239a3f4fe48ecf67c63500ec9f527f8381"
